
Microsoft Visual Studio Solution File, Format Version 12.00
# Visual Studio Version 16
VisualStudioVersion = 16.0.30611.23
MinimumVisualStudioVersion = 10.0.40219.1
Project("{FAE04EC0-301F-11D3-BF4B-00C04F79EFBC}") = "FormUI", "FormUI\FormUI.csproj", "{CAC83F12-7D75-4025-87F9-5853FC68E06E}"
EndProject
Global
	GlobalSection(SolutionConfigurationPlatforms) = preSolution
		Debug|Any CPU = Debug|Any CPU
		Release|Any CPU = Release|Any CPU
	EndGlobalSection
	GlobalSection(ProjectConfigurationPlatforms) = postSolution
		{CAC83F12-7D75-4025-87F9-5853FC68E06E}.Debug|Any CPU.ActiveCfg = Debug|Any CPU
		{CAC83F12-7D75-4025-87F9-5853FC68E06E}.Debug|Any CPU.Build.0 = Debug|Any CPU
		{CAC83F12-7D75-4025-87F9-5853FC68E06E}.Release|Any CPU.ActiveCfg = Release|Any CPU
		{CAC83F12-7D75-4025-87F9-5853FC68E06E}.Release|Any CPU.Build.0 = Release|Any CPU
	EndGlobalSection
	GlobalSection(SolutionProperties) = preSolution
		HideSolutionNode = FALSE
	EndGlobalSection
	GlobalSection(ExtensibilityGlobals) = postSolution
		SolutionGuid = {8618BD3C-9732-4DC8-BC45-CC755EC6E3A5}
	EndGlobalSection
EndGlobal
